{
  "originHash" : "c40d78798b3ce5e9e37bdb25ac1d5d425fdb6375155f408218df51efda2b4a57",
  "pins" : [
    {
      "identity" : "izzidateformatter",
      "kind" : "remoteSourceControl",
      "location" : "https://github.com/Desp0o/izziDateFormatter.git",
      "state" : {
        "branch" : "main",
        "revision" : "cf7f8ffffcec0ee80160b070ac1b077e15b7eaa2"
      }
    },
    {
      "identity" : "izzigradient",
      "kind" : "remoteSourceControl",
      "location" : "https://github.com/Desp0o/izziGradient.git",
      "state" : {
        "branch" : "main",
        "revision" : "831561caca4d86a331c8a37498471a53044c7864"
      }
    },
    {
      "identity" : "webservice",
      "kind" : "remoteSourceControl",
      "location" : "https://github.com/Desp0o/webService.git",
      "state" : {
        "branch" : "master",
        "revision" : "0396968e63f421d1a8539d7341a2badcea9fffa7"
      }
    }
  ],
  "version" : 3
}
